// !$*UTF8*$!
{
	archiveVersion = 1;
	classes = {
	};
	objectVersion = 56;
	objects = {

/* Begin PBXBuildFile section */
		F8317C5F29069DD8000B664B /* HighlightsTableViewCell.swift in Sources */ = {isa = PBXBuildFile; fileRef = F8317C5D29069DD8000B664B /* HighlightsTableViewCell.swift */; };
		F8317C6029069DD8000B664B /* HighlightsTableViewCell.xib in Resources */ = {isa = PBXBuildFile; fileRef = F8317C5E29069DD8000B664B /* HighlightsTableViewCell.xib */; };
		F8317C6429069FBB000B664B /* HighlightesCollectionViewCell.swift in Sources */ = {isa = PBXBuildFile; fileRef = F8317C6229069FBB000B664B /* HighlightesCollectionViewCell.swift */; };
		F8317C6529069FBB000B664B /* HighlightesCollectionViewCell.xib in Resources */ = {isa = PBXBuildFile; fileRef = F8317C6329069FBB000B664B /* HighlightesCollectionViewCell.xib */; };
		F8317C692906A12C000B664B /* PostsTableViewCell.swift in Sources */ = {isa = PBXBuildFile; fileRef = F8317C672906A12C000B664B /* PostsTableViewCell.swift */; };
		F8317C6A2906A12C000B664B /* PostsTableViewCell.xib in Resources */ = {isa = PBXBuildFile; fileRef = F8317C682906A12C000B664B /* PostsTableViewCell.xib */; };
		F8317C6E2906A30D000B664B /* PostCollectionViewCell.swift in Sources */ = {isa = PBXBuildFile; fileRef = F8317C6C2906A30D000B664B /* PostCollectionViewCell.swift */; };
		F8317C6F2906A30D000B664B /* PostCollectionViewCell.xib in Resources */ = {isa = PBXBuildFile; fileRef = F8317C6D2906A30D000B664B /* PostCollectionViewCell.xib */; };
		F8317C722906A3B9000B664B /* Post.swift in Sources */ = {isa = PBXBuildFile; fileRef = F8317C712906A3B9000B664B /* Post.swift */; };
		F8317C742906A3DC000B664B /* ProfileHighlight.swift in Sources */ = {isa = PBXBuildFile; fileRef = F8317C732906A3DC000B664B /* ProfileHighlight.swift */; };
		F8317C762906A3EA000B664B /* ProfileDescription.swift in Sources */ = {isa = PBXBuildFile; fileRef = F8317C752906A3EA000B664B /* ProfileDescription.swift */; };
		F847FE1928FDA6F400F2D94B /* AppDelegate.swift in Sources */ = {isa = PBXBuildFile; fileRef = F847FE1828FDA6F400F2D94B /* AppDelegate.swift */; };
		F847FE1B28FDA6F400F2D94B /* SceneDelegate.swift in Sources */ = {isa = PBXBuildFile; fileRef = F847FE1A28FDA6F400F2D94B /* SceneDelegate.swift */; };
		F847FE1D28FDA6F400F2D94B /* FeedViewController.swift in Sources */ = {isa = PBXBuildFile; fileRef = F847FE1C28FDA6F400F2D94B /* FeedViewController.swift */; };
		F847FE2028FDA6F400F2D94B /* Main.storyboard in Resources */ = {isa = PBXBuildFile; fileRef = F847FE1E28FDA6F400F2D94B /* Main.storyboard */; };
		F847FE2228FDA6F800F2D94B /* Assets.xcassets in Resources */ = {isa = PBXBuildFile; fileRef = F847FE2128FDA6F800F2D94B /* Assets.xcassets */; };
		F847FE2528FDA6F800F2D94B /* LaunchScreen.storyboard in Resources */ = {isa = PBXBuildFile; fileRef = F847FE2328FDA6F800F2D94B /* LaunchScreen.storyboard */; };
		F847FE4528FDB9E900F2D94B /* Feed.storyboard in Resources */ = {isa = PBXBuildFile; fileRef = F847FE4328FDB9E900F2D94B /* Feed.storyboard */; };
		F84FCBF72905304400437871 /* ActionContent.swift in Sources */ = {isa = PBXBuildFile; fileRef = F84FCBF62905304400437871 /* ActionContent.swift */; };
		F84FCBFD290548FB00437871 /* SubscribeTableViewCell.swift in Sources */ = {isa = PBXBuildFile; fileRef = F84FCBFB290548FB00437871 /* SubscribeTableViewCell.swift */; };
		F84FCBFE290548FB00437871 /* SubscribeTableViewCell.xib in Resources */ = {isa = PBXBuildFile; fileRef = F84FCBFC290548FB00437871 /* SubscribeTableViewCell.xib */; };
		F84FCC0129054A5800437871 /* NSMutableAttributedString+Extension.swift in Sources */ = {isa = PBXBuildFile; fileRef = F84FCC0029054A5800437871 /* NSMutableAttributedString+Extension.swift */; };
		F84FCC0329054AD600437871 /* String+Extension.swift in Sources */ = {isa = PBXBuildFile; fileRef = F84FCC0229054AD600437871 /* String+Extension.swift */; };
		F84FCC0629054BA500437871 /* PostTableViewCell.swift in Sources */ = {isa = PBXBuildFile; fileRef = F84FCC0429054BA500437871 /* PostTableViewCell.swift */; };
		F84FCC0929054BBB00437871 /* PostTableViewCell.xib in Resources */ = {isa = PBXBuildFile; fileRef = F84FCC0829054BBB00437871 /* PostTableViewCell.xib */; };
		F84FCC1029056CA800437871 /* SubscribeRequestTableViewCell.swift in Sources */ = {isa = PBXBuildFile; fileRef = F84FCC0E29056CA800437871 /* SubscribeRequestTableViewCell.swift */; };
		F84FCC1129056CA800437871 /* SubscribeRequestTableViewCell.xib in Resources */ = {isa = PBXBuildFile; fileRef = F84FCC0F29056CA800437871 /* SubscribeRequestTableViewCell.xib */; };
		F8A4018428FDBA8100971E0A /* Search.storyboard in Resources */ = {isa = PBXBuildFile; fileRef = F8A4018228FDBA8100971E0A /* Search.storyboard */; };
		F8BDAB8529068ED300B875EE /* SearchViewController.swift in Sources */ = {isa = PBXBuildFile; fileRef = F8BDAB8429068ED300B875EE /* SearchViewController.swift */; };
		F8BDAB8A2906910F00B875EE /* ProfileTableViewCell.swift in Sources */ = {isa = PBXBuildFile; fileRef = F8BDAB882906910F00B875EE /* ProfileTableViewCell.swift */; };
		F8BDAB8B2906910F00B875EE /* ProfileTableViewCell.xib in Resources */ = {isa = PBXBuildFile; fileRef = F8BDAB892906910F00B875EE /* ProfileTableViewCell.xib */; };
		F8BDAB8F2906988E00B875EE /* DescriptionTableViewCell.swift in Sources */ = {isa = PBXBuildFile; fileRef = F8BDAB8D2906988E00B875EE /* DescriptionTableViewCell.swift */; };
		F8BDAB902906988E00B875EE /* DescriptionTableViewCell.xib in Resources */ = {isa = PBXBuildFile; fileRef = F8BDAB8E2906988E00B875EE /* DescriptionTableViewCell.xib */; };
		F8C0ED3F2901B2D900B81FF4 /* ActionsViewController.swift in Sources */ = {isa = PBXBuildFile; fileRef = F8C0ED3E2901B2D900B81FF4 /* ActionsViewController.swift */; };
		F8D5130729005FDC009743FF /* StoriesViewCell.swift in Sources */ = {isa = PBXBuildFile; fileRef = F8D5130629005FDC009743FF /* StoriesViewCell.swift */; };
		F8D5130A29006815009743FF /* Actions.storyboard in Resources */ = {isa = PBXBuildFile; fileRef = F8D5130829006815009743FF /* Actions.storyboard */; };
		F8F33A9828FEF6C100C847FC /* Reels.storyboard in Resources */ = {isa = PBXBuildFile; fileRef = F8F33A9628FEF6C100C847FC /* Reels.storyboard */; };
		F8F33A9D28FEF6FD00C847FC /* Profile.storyboard in Resources */ = {isa = PBXBuildFile; fileRef = F8F33A9B28FEF6FD00C847FC /* Profile.storyboard */; };
/* End PBXBuildFile section */

/* Begin PBXFileReference section */
		F8317C5D29069DD8000B664B /* HighlightsTableViewCell.swift */ = {isa = PBXFileReference; lastKnownFileType = sourcecode.swift; path = HighlightsTableViewCell.swift; sourceTree = "<group>"; };
		F8317C5E29069DD8000B664B /* HighlightsTableViewCell.xib */ = {isa = PBXFileReference; lastKnownFileType = file.xib; path = HighlightsTableViewCell.xib; sourceTree = "<group>"; };
		F8317C6229069FBB000B664B /* HighlightesCollectionViewCell.swift */ = {isa = PBXFileReference; lastKnownFileType = sourcecode.swift; path = HighlightesCollectionViewCell.swift; sourceTree = "<group>"; };
		F8317C6329069FBB000B664B /* HighlightesCollectionViewCell.xib */ = {isa = PBXFileReference; lastKnownFileType = file.xib; path = HighlightesCollectionViewCell.xib; sourceTree = "<group>"; };
		F8317C672906A12C000B664B /* PostsTableViewCell.swift */ = {isa = PBXFileReference; lastKnownFileType = sourcecode.swift; path = PostsTableViewCell.swift; sourceTree = "<group>"; };
		F8317C682906A12C000B664B /* PostsTableViewCell.xib */ = {isa = PBXFileReference; lastKnownFileType = file.xib; path = PostsTableViewCell.xib; sourceTree = "<group>"; };
		F8317C6C2906A30D000B664B /* PostCollectionViewCell.swift */ = {isa = PBXFileReference; lastKnownFileType = sourcecode.swift; path = PostCollectionViewCell.swift; sourceTree = "<group>"; };
		F8317C6D2906A30D000B664B /* PostCollectionViewCell.xib */ = {isa = PBXFileReference; lastKnownFileType = file.xib; path = PostCollectionViewCell.xib; sourceTree = "<group>"; };
		F8317C712906A3B9000B664B /* Post.swift */ = {isa = PBXFileReference; lastKnownFileType = sourcecode.swift; path = Post.swift; sourceTree = "<group>"; };
		F8317C732906A3DC000B664B /* ProfileHighlight.swift */ = {isa = PBXFileReference; lastKnownFileType = sourcecode.swift; path = ProfileHighlight.swift; sourceTree = "<group>"; };
		F8317C752906A3EA000B664B /* ProfileDescription.swift */ = {isa = PBXFileReference; lastKnownFileType = sourcecode.swift; path = ProfileDescription.swift; sourceTree = "<group>"; };
		F847FE1528FDA6F400F2D94B /* Instagram.app */ = {isa = PBXFileReference; explicitFileType = wrapper.application; includeInIndex = 0; path = Instagram.app; sourceTree = BUILT_PRODUCTS_DIR; };
		F847FE1828FDA6F400F2D94B /* AppDelegate.swift */ = {isa = PBXFileReference; lastKnownFileType = sourcecode.swift; path = AppDelegate.swift; sourceTree = "<group>"; };
		F847FE1A28FDA6F400F2D94B /* SceneDelegate.swift */ = {isa = PBXFileReference; lastKnownFileType = sourcecode.swift; path = SceneDelegate.swift; sourceTree = "<group>"; };
		F847FE1C28FDA6F400F2D94B /* FeedViewController.swift */ = {isa = PBXFileReference; lastKnownFileType = sourcecode.swift; path = FeedViewController.swift; sourceTree = "<group>"; };
		F847FE1F28FDA6F400F2D94B /* Base */ = {isa = PBXFileReference; lastKnownFileType = file.storyboard; name = Base; path = Base.lproj/Main.storyboard; sourceTree = "<group>"; };
		F847FE2128FDA6F800F2D94B /* Assets.xcassets */ = {isa = PBXFileReference; lastKnownFileType = folder.assetcatalog; path = Assets.xcassets; sourceTree = "<group>"; };
		F847FE2428FDA6F800F2D94B /* Base */ = {isa = PBXFileReference; lastKnownFileType = file.storyboard; name = Base; path = Base.lproj/LaunchScreen.storyboard; sourceTree = "<group>"; };
		F847FE2628FDA6F800F2D94B /* Info.plist */ = {isa = PBXFileReference; lastKnownFileType = text.plist.xml; path = Info.plist; sourceTree = "<group>"; };
		F847FE4428FDB9E900F2D94B /* Base */ = {isa = PBXFileReference; lastKnownFileType = file.storyboard; name = Base; path = Instagram/Storyboard/Base.lproj/Feed.storyboard; sourceTree = "<group>"; };
		F84FCBF62905304400437871 /* ActionContent.swift */ = {isa = PBXFileReference; lastKnownFileType = sourcecode.swift; path = ActionContent.swift; sourceTree = "<group>"; };
		F84FCBFB290548FB00437871 /* SubscribeTableViewCell.swift */ = {isa = PBXFileReference; lastKnownFileType = sourcecode.swift; path = SubscribeTableViewCell.swift; sourceTree = "<group>"; };
		F84FCBFC290548FB00437871 /* SubscribeTableViewCell.xib */ = {isa = PBXFileReference; lastKnownFileType = file.xib; path = SubscribeTableViewCell.xib; sourceTree = "<group>"; };
		F84FCC0029054A5800437871 /* NSMutableAttributedString+Extension.swift */ = {isa = PBXFileReference; lastKnownFileType = sourcecode.swift; path = "NSMutableAttributedString+Extension.swift"; sourceTree = "<group>"; };
		F84FCC0229054AD600437871 /* String+Extension.swift */ = {isa = PBXFileReference; lastKnownFileType = sourcecode.swift; path = "String+Extension.swift"; sourceTree = "<group>"; };
		F84FCC0429054BA500437871 /* PostTableViewCell.swift */ = {isa = PBXFileReference; lastKnownFileType = sourcecode.swift; path = PostTableViewCell.swift; sourceTree = "<group>"; };
		F84FCC0829054BBB00437871 /* PostTableViewCell.xib */ = {isa = PBXFileReference; fileEncoding = 4; lastKnownFileType = file.xib; path = PostTableViewCell.xib; sourceTree = "<group>"; };
		F84FCC0E29056CA800437871 /* SubscribeRequestTableViewCell.swift */ = {isa = PBXFileReference; fileEncoding = 4; lastKnownFileType = sourcecode.swift; path = SubscribeRequestTableViewCell.swift; sourceTree = "<group>"; };
		F84FCC0F29056CA800437871 /* SubscribeRequestTableViewCell.xib */ = {isa = PBXFileReference; fileEncoding = 4; lastKnownFileType = file.xib; path = SubscribeRequestTableViewCell.xib; sourceTree = "<group>"; };
		F8A4018328FDBA8100971E0A /* Base */ = {isa = PBXFileReference; lastKnownFileType = file.storyboard; name = Base; path = Instagram/Storyboard/Base.lproj/Search.storyboard; sourceTree = "<group>"; };
		F8BDAB8429068ED300B875EE /* SearchViewController.swift */ = {isa = PBXFileReference; lastKnownFileType = sourcecode.swift; path = SearchViewController.swift; sourceTree = "<group>"; };
		F8BDAB882906910F00B875EE /* ProfileTableViewCell.swift */ = {isa = PBXFileReference; lastKnownFileType = sourcecode.swift; path = ProfileTableViewCell.swift; sourceTree = "<group>"; };
		F8BDAB892906910F00B875EE /* ProfileTableViewCell.xib */ = {isa = PBXFileReference; lastKnownFileType = file.xib; path = ProfileTableViewCell.xib; sourceTree = "<group>"; };
		F8BDAB8D2906988E00B875EE /* DescriptionTableViewCell.swift */ = {isa = PBXFileReference; lastKnownFileType = sourcecode.swift; path = DescriptionTableViewCell.swift; sourceTree = "<group>"; };
		F8BDAB8E2906988E00B875EE /* DescriptionTableViewCell.xib */ = {isa = PBXFileReference; lastKnownFileType = file.xib; path = DescriptionTableViewCell.xib; sourceTree = "<group>"; };
		F8C0ED3E2901B2D900B81FF4 /* ActionsViewController.swift */ = {isa = PBXFileReference; lastKnownFileType = sourcecode.swift; path = ActionsViewController.swift; sourceTree = "<group>"; };
		F8D5130629005FDC009743FF /* StoriesViewCell.swift */ = {isa = PBXFileReference; lastKnownFileType = sourcecode.swift; path = StoriesViewCell.swift; sourceTree = "<group>"; };
		F8D5130929006815009743FF /* Base */ = {isa = PBXFileReference; lastKnownFileType = file.storyboard; name = Base; path = Instagram/Storyboard/Base.lproj/Actions.storyboard; sourceTree = "<group>"; };
		F8F33A9728FEF6C100C847FC /* Base */ = {isa = PBXFileReference; lastKnownFileType = file.storyboard; name = Base; path = Instagram/Storyboard/Base.lproj/Reels.storyboard; sourceTree = "<group>"; };
		F8F33A9C28FEF6FD00C847FC /* Base */ = {isa = PBXFileReference; lastKnownFileType = file.storyboard; name = Base; path = Instagram/Storyboard/Base.lproj/Profile.storyboard; sourceTree = "<group>"; };
/* End PBXFileReference section */

/* Begin PBXFrameworksBuildPhase section */
		F847FE1228FDA6F400F2D94B /* Frameworks */ = {
			isa = PBXFrameworksBuildPhase;
			buildActionMask = 2147483647;
			files = (
			);
			runOnlyForDeploymentPostprocessing = 0;
		};
/* End PBXFrameworksBuildPhase section */

/* Begin PBXGroup section */
		F8317C5829069D4F000B664B /* HighlightesCell */ = {
			isa = PBXGroup;
			children = (
				F8317C5D29069DD8000B664B /* HighlightsTableViewCell.swift */,
				F8317C5E29069DD8000B664B /* HighlightsTableViewCell.xib */,
				F8317C6129069F88000B664B /* HighlightesCollectionViewCell */,
			);
			path = HighlightesCell;
			sourceTree = "<group>";
		};
		F8317C6129069F88000B664B /* HighlightesCollectionViewCell */ = {
			isa = PBXGroup;
			children = (
				F8317C6229069FBB000B664B /* HighlightesCollectionViewCell.swift */,
				F8317C6329069FBB000B664B /* HighlightesCollectionViewCell.xib */,
			);
			path = HighlightesCollectionViewCell;
			sourceTree = "<group>";
		};
		F8317C662906A0F5000B664B /* PostsCell */ = {
			isa = PBXGroup;
			children = (
				F8317C672906A12C000B664B /* PostsTableViewCell.swift */,
				F8317C682906A12C000B664B /* PostsTableViewCell.xib */,
				F8317C6B2906A2EC000B664B /* PostCollectionCell */,
			);
			path = PostsCell;
			sourceTree = "<group>";
		};
		F8317C6B2906A2EC000B664B /* PostCollectionCell */ = {
			isa = PBXGroup;
			children = (
				F8317C6C2906A30D000B664B /* PostCollectionViewCell.swift */,
				F8317C6D2906A30D000B664B /* PostCollectionViewCell.xib */,
			);
			path = PostCollectionCell;
			sourceTree = "<group>";
		};
		F8317C702906A3AC000B664B /* Models */ = {
			isa = PBXGroup;
			children = (
				F8317C712906A3B9000B664B /* Post.swift */,
				F8317C732906A3DC000B664B /* ProfileHighlight.swift */,
				F8317C752906A3EA000B664B /* ProfileDescription.swift */,
			);
			path = Models;
			sourceTree = "<group>";
		};
		F847FE0C28FDA6F400F2D94B = {
			isa = PBXGroup;
			children = (
				F847FE1728FDA6F400F2D94B /* Instagram */,
				F847FE1628FDA6F400F2D94B /* Products */,
			);
			sourceTree = "<group>";
		};
		F847FE1628FDA6F400F2D94B /* Products */ = {
			isa = PBXGroup;
			children = (
				F847FE1528FDA6F400F2D94B /* Instagram.app */,
			);
			name = Products;
			sourceTree = "<group>";
		};
		F847FE1728FDA6F400F2D94B /* Instagram */ = {
			isa = PBXGroup;
			children = (
				F847FE1828FDA6F400F2D94B /* AppDelegate.swift */,
				F847FE1A28FDA6F400F2D94B /* SceneDelegate.swift */,
				F84FCBFF29054A3200437871 /* Extensions */,
				F847FE2C28FDA70300F2D94B /* Controllers */,
				F847FE2D28FDA74300F2D94B /* Storyboard */,
				F847FE2128FDA6F800F2D94B /* Assets.xcassets */,
				F847FE2328FDA6F800F2D94B /* LaunchScreen.storyboard */,
				F847FE2628FDA6F800F2D94B /* Info.plist */,
			);
			path = Instagram;
			sourceTree = "<group>";
		};
		F847FE2C28FDA70300F2D94B /* Controllers */ = {
			isa = PBXGroup;
			children = (
				F8BDAB8329068EB700B875EE /* Search */,
				F84FCBF42905301A00437871 /* Feed */,
				F84FCBF32905300800437871 /* Actions */,
			);
			path = Controllers;
			sourceTree = "<group>";
		};
		F847FE2D28FDA74300F2D94B /* Storyboard */ = {
			isa = PBXGroup;
			children = (
				F847FE1E28FDA6F400F2D94B /* Main.storyboard */,
				F847FE4328FDB9E900F2D94B /* Feed.storyboard */,
				F8A4018228FDBA8100971E0A /* Search.storyboard */,
				F8F33A9628FEF6C100C847FC /* Reels.storyboard */,
				F8D5130829006815009743FF /* Actions.storyboard */,
				F8F33A9B28FEF6FD00C847FC /* Profile.storyboard */,
			);
			path = Storyboard;
			sourceTree = "<group>";
		};
		F84FCBF32905300800437871 /* Actions */ = {
			isa = PBXGroup;
			children = (
				F84FCBF52905302600437871 /* Model */,
				F84FCBF82905489500437871 /* Cells */,
				F8C0ED3E2901B2D900B81FF4 /* ActionsViewController.swift */,
			);
			path = Actions;
			sourceTree = "<group>";
		};
		F84FCBF42905301A00437871 /* Feed */ = {
			isa = PBXGroup;
			children = (
				F8D5130529005FC3009743FF /* Cells */,
				F847FE1C28FDA6F400F2D94B /* FeedViewController.swift */,
			);
			path = Feed;
			sourceTree = "<group>";
		};
		F84FCBF52905302600437871 /* Model */ = {
			isa = PBXGroup;
			children = (
				F84FCBF62905304400437871 /* ActionContent.swift */,
			);
			path = Model;
			sourceTree = "<group>";
		};
		F84FCBF82905489500437871 /* Cells */ = {
			isa = PBXGroup;
			children = (
				F84FCBFB290548FB00437871 /* SubscribeTableViewCell.swift */,
				F84FCBFC290548FB00437871 /* SubscribeTableViewCell.xib */,
				F84FCC0429054BA500437871 /* PostTableViewCell.swift */,
				F84FCC0829054BBB00437871 /* PostTableViewCell.xib */,
				F84FCC0E29056CA800437871 /* SubscribeRequestTableViewCell.swift */,
				F84FCC0F29056CA800437871 /* SubscribeRequestTableViewCell.xib */,
			);
			path = Cells;
			sourceTree = "<group>";
		};
		F84FCBFF29054A3200437871 /* Extensions */ = {
			isa = PBXGroup;
			children = (
				F84FCC0029054A5800437871 /* NSMutableAttributedString+Extension.swift */,
				F84FCC0229054AD600437871 /* String+Extension.swift */,
			);
			path = Extensions;
			sourceTree = "<group>";
		};
		F8BDAB8329068EB700B875EE /* Search */ = {
			isa = PBXGroup;
			children = (
				F8317C702906A3AC000B664B /* Models */,
				F8BDAB8629068F0500B875EE /* Cells */,
				F8BDAB8429068ED300B875EE /* SearchViewController.swift */,
			);
			path = Search;
			sourceTree = "<group>";
		};
		F8BDAB8629068F0500B875EE /* Cells */ = {
			isa = PBXGroup;
			children = (
				F8BDAB87290690FE00B875EE /* ProfileCell */,
				F8BDAB8C2906986B00B875EE /* DescriptionCell */,
				F8317C5829069D4F000B664B /* HighlightesCell */,
				F8317C662906A0F5000B664B /* PostsCell */,
			);
			path = Cells;
			sourceTree = "<group>";
		};
		F8BDAB87290690FE00B875EE /* ProfileCell */ = {
			isa = PBXGroup;
			children = (
				F8BDAB882906910F00B875EE /* ProfileTableViewCell.swift */,
				F8BDAB892906910F00B875EE /* ProfileTableViewCell.xib */,
			);
			path = ProfileCell;
			sourceTree = "<group>";
		};
		F8BDAB8C2906986B00B875EE /* DescriptionCell */ = {
			isa = PBXGroup;
			children = (
				F8BDAB8D2906988E00B875EE /* DescriptionTableViewCell.swift */,
				F8BDAB8E2906988E00B875EE /* DescriptionTableViewCell.xib */,
			);
			path = DescriptionCell;
			sourceTree = "<group>";
		};
		F8D5130529005FC3009743FF /* Cells */ = {
			isa = PBXGroup;
			children = (
				F8D5130629005FDC009743FF /* StoriesViewCell.swift */,
			);
			path = Cells;
			sourceTree = "<group>";
		};
/* End PBXGroup section */

/* Begin PBXNativeTarget section */
		F847FE1428FDA6F400F2D94B /* Instagram */ = {
			isa = PBXNativeTarget;
			buildConfigurationList = F847FE2928FDA6F800F2D94B /* Build configuration list for PBXNativeTarget "Instagram" */;
			buildPhases = (
				F847FE1128FDA6F400F2D94B /* Sources */,
				F847FE1228FDA6F400F2D94B /* Frameworks */,
				F847FE1328FDA6F400F2D94B /* Resources */,
				F847FE2E28FDA7FC00F2D94B /* Swiftlint */,
			);
			buildRules = (
			);
			dependencies = (
			);
			name = Instagram;
			productName = Instagram;
			productReference = F847FE1528FDA6F400F2D94B /* Instagram.app */;
			productType = "com.apple.product-type.application";
		};
/* End PBXNativeTarget section */

/* Begin PBXProject section */
		F847FE0D28FDA6F400F2D94B /* Project object */ = {
			isa = PBXProject;
			attributes = {
				BuildIndependentTargetsInParallel = 1;
				LastSwiftUpdateCheck = 1400;
				LastUpgradeCheck = 1400;
				TargetAttributes = {
					F847FE1428FDA6F400F2D94B = {
						CreatedOnToolsVersion = 14.0;
					};
				};
			};
			buildConfigurationList = F847FE1028FDA6F400F2D94B /* Build configuration list for PBXProject "Instagram" */;
			compatibilityVersion = "Xcode 14.0";
			developmentRegion = en;
			hasScannedForEncodings = 0;
			knownRegions = (
				en,
				Base,
			);
			mainGroup = F847FE0C28FDA6F400F2D94B;
			productRefGroup = F847FE1628FDA6F400F2D94B /* Products */;
			projectDirPath = "";
			projectRoot = "";
			targets = (
				F847FE1428FDA6F400F2D94B /* Instagram */,
			);
		};
/* End PBXProject section */

/* Begin PBXResourcesBuildPhase section */
		F847FE1328FDA6F400F2D94B /* Resources */ = {
			isa = PBXResourcesBuildPhase;
			buildActionMask = 2147483647;
			files = (
				F84FCC1129056CA800437871 /* SubscribeRequestTableViewCell.xib in Resources */,
				F847FE2528FDA6F800F2D94B /* LaunchScreen.storyboard in Resources */,
				F84FCC0929054BBB00437871 /* PostTableViewCell.xib in Resources */,
				F8317C6A2906A12C000B664B /* PostsTableViewCell.xib in Resources */,
				F8317C6F2906A30D000B664B /* PostCollectionViewCell.xib in Resources */,
				F847FE2228FDA6F800F2D94B /* Assets.xcassets in Resources */,
				F8D5130A29006815009743FF /* Actions.storyboard in Resources */,
				F8BDAB8B2906910F00B875EE /* ProfileTableViewCell.xib in Resources */,
				F8F33A9D28FEF6FD00C847FC /* Profile.storyboard in Resources */,
				F84FCBFE290548FB00437871 /* SubscribeTableViewCell.xib in Resources */,
				F847FE4528FDB9E900F2D94B /* Feed.storyboard in Resources */,
				F847FE2028FDA6F400F2D94B /* Main.storyboard in Resources */,
				F8BDAB902906988E00B875EE /* DescriptionTableViewCell.xib in Resources */,
				F8317C6529069FBB000B664B /* HighlightesCollectionViewCell.xib in Resources */,
				F8F33A9828FEF6C100C847FC /* Reels.storyboard in Resources */,
				F8317C6029069DD8000B664B /* HighlightsTableViewCell.xib in Resources */,
				F8A4018428FDBA8100971E0A /* Search.storyboard in Resources */,
			);
			runOnlyForDeploymentPostprocessing = 0;
		};
/* End PBXResourcesBuildPhase section */

/* Begin PBXShellScriptBuildPhase section */
		F847FE2E28FDA7FC00F2D94B /* Swiftlint */ = {
			isa = PBXShellScriptBuildPhase;
			alwaysOutOfDate = 1;
			buildActionMask = 2147483647;
			files = (
			);
			inputFileListPaths = (
			);
			inputPaths = (
			);
			name = Swiftlint;
			outputFileListPaths = (
			);
			outputPaths = (
			);
			runOnlyForDeploymentPostprocessing = 0;
			shellPath = /bin/sh;
			shellScript = "export PATH=\"$PATH:/opt/homebrew/bin\"\nif which swiftlint > /dev/null; then\n  swiftlint\nelse\n  echo \"warning: SwiftLint not installed, download from https://github.com/realm/SwiftLint\"\nfi\n";
		};
/* End PBXShellScriptBuildPhase section */

/* Begin PBXSourcesBuildPhase section */
		F847FE1128FDA6F400F2D94B /* Sources */ = {
			isa = PBXSourcesBuildPhase;
			buildActionMask = 2147483647;
			files = (
				F84FCC0129054A5800437871 /* NSMutableAttributedString+Extension.swift in Sources */,
				F84FCC0329054AD600437871 /* String+Extension.swift in Sources */,
				F8D5130729005FDC009743FF /* StoriesViewCell.swift in Sources */,
				F847FE1D28FDA6F400F2D94B /* FeedViewController.swift in Sources */,
				F8317C5F29069DD8000B664B /* HighlightsTableViewCell.swift in Sources */,
				F847FE1928FDA6F400F2D94B /* AppDelegate.swift in Sources */,
				F84FCBF72905304400437871 /* ActionContent.swift in Sources */,
				F8BDAB8529068ED300B875EE /* SearchViewController.swift in Sources */,
				F8317C6E2906A30D000B664B /* PostCollectionViewCell.swift in Sources */,
				F84FCBFD290548FB00437871 /* SubscribeTableViewCell.swift in Sources */,
				F8317C762906A3EA000B664B /* ProfileDescription.swift in Sources */,
				F8317C742906A3DC000B664B /* ProfileHighlight.swift in Sources */,
				F84FCC0629054BA500437871 /* PostTableViewCell.swift in Sources */,
				F8317C692906A12C000B664B /* PostsTableViewCell.swift in Sources */,
				F8BDAB8A2906910F00B875EE /* ProfileTableViewCell.swift in Sources */,
				F8C0ED3F2901B2D900B81FF4 /* ActionsViewController.swift in Sources */,
				F84FCC1029056CA800437871 /* SubscribeRequestTableViewCell.swift in Sources */,
				F8317C6429069FBB000B664B /* HighlightesCollectionViewCell.swift in Sources */,
				F8317C722906A3B9000B664B /* Post.swift in Sources */,
				F8BDAB8F2906988E00B875EE /* DescriptionTableViewCell.swift in Sources */,
				F847FE1B28FDA6F400F2D94B /* SceneDelegate.swift in Sources */,
			);
			runOnlyForDeploymentPostprocessing = 0;
		};
/* End PBXSourcesBuildPhase section */

/* Begin PBXVariantGroup section */
		F847FE1E28FDA6F400F2D94B /* Main.storyboard */ = {
			isa = PBXVariantGroup;
			children = (
				F847FE1F28FDA6F400F2D94B /* Base */,
			);
			name = Main.storyboard;
			sourceTree = "<group>";
		};
		F847FE2328FDA6F800F2D94B /* LaunchScreen.storyboard */ = {
			isa = PBXVariantGroup;
			children = (
				F847FE2428FDA6F800F2D94B /* Base */,
			);
			name = LaunchScreen.storyboard;
			sourceTree = "<group>";
		};
		F847FE4328FDB9E900F2D94B /* Feed.storyboard */ = {
			isa = PBXVariantGroup;
			children = (
				F847FE4428FDB9E900F2D94B /* Base */,
			);
			name = Feed.storyboard;
			sourceTree = "<group>";
		};
		F8A4018228FDBA8100971E0A /* Search.storyboard */ = {
			isa = PBXVariantGroup;
			children = (
				F8A4018328FDBA8100971E0A /* Base */,
			);
			name = Search.storyboard;
			sourceTree = "<group>";
		};
		F8D5130829006815009743FF /* Actions.storyboard */ = {
			isa = PBXVariantGroup;
			children = (
				F8D5130929006815009743FF /* Base */,
			);
			name = Actions.storyboard;
			sourceTree = "<group>";
		};
		F8F33A9628FEF6C100C847FC /* Reels.storyboard */ = {
			isa = PBXVariantGroup;
			children = (
				F8F33A9728FEF6C100C847FC /* Base */,
			);
			name = Reels.storyboard;
			sourceTree = "<group>";
		};
		F8F33A9B28FEF6FD00C847FC /* Profile.storyboard */ = {
			isa = PBXVariantGroup;
			children = (
				F8F33A9C28FEF6FD00C847FC /* Base */,
			);
			name = Profile.storyboard;
			sourceTree = "<group>";
		};
/* End PBXVariantGroup section */

/* Begin XCBuildConfiguration section */
		F847FE2728FDA6F800F2D94B /* Debug */ = {
			isa = XCBuildConfiguration;
			buildSettings = {
				ALWAYS_SEARCH_USER_PATHS = NO;
				CLANG_ANALYZER_NONNULL = YES;
				CLANG_ANALYZER_NUMBER_OBJECT_CONVERSION = YES_AGGRESSIVE;
				CLANG_CXX_LANGUAGE_STANDARD = "gnu++20";
				CLANG_ENABLE_MODULES = YES;
				CLANG_ENABLE_OBJC_ARC = YES;
				CLANG_ENABLE_OBJC_WEAK = YES;
				CLANG_WARN_BLOCK_CAPTURE_AUTORELEASING = YES;
				CLANG_WARN_BOOL_CONVERSION = YES;
				CLANG_WARN_COMMA = YES;
				CLANG_WARN_CONSTANT_CONVERSION = YES;
				CLANG_WARN_DEPRECATED_OBJC_IMPLEMENTATIONS = YES;
				CLANG_WARN_DIRECT_OBJC_ISA_USAGE = YES_ERROR;
				CLANG_WARN_DOCUMENTATION_COMMENTS = YES;
				CLANG_WARN_EMPTY_BODY = YES;
				CLANG_WARN_ENUM_CONVERSION = YES;
				CLANG_WARN_INFINITE_RECURSION = YES;
				CLANG_WARN_INT_CONVERSION = YES;
				CLANG_WARN_NON_LITERAL_NULL_CONVERSION = YES;
				CLANG_WARN_OBJC_IMPLICIT_RETAIN_SELF = YES;
				CLANG_WARN_OBJC_LITERAL_CONVERSION = YES;
				CLANG_WARN_OBJC_ROOT_CLASS = YES_ERROR;
				CLANG_WARN_QUOTED_INCLUDE_IN_FRAMEWORK_HEADER = YES;
				CLANG_WARN_RANGE_LOOP_ANALYSIS = YES;
				CLANG_WARN_STRICT_PROTOTYPES = YES;
				CLANG_WARN_SUSPICIOUS_MOVE = YES;
				CLANG_WARN_UNGUARDED_AVAILABILITY = YES_AGGRESSIVE;
				CLANG_WARN_UNREACHABLE_CODE = YES;
				CLANG_WARN__DUPLICATE_METHOD_MATCH = YES;
				COPY_PHASE_STRIP = NO;
				DEBUG_INFORMATION_FORMAT = dwarf;
				ENABLE_STRICT_OBJC_MSGSEND = YES;
				ENABLE_TESTABILITY = YES;
				GCC_C_LANGUAGE_STANDARD = gnu11;
				GCC_DYNAMIC_NO_PIC = NO;
				GCC_NO_COMMON_BLOCKS = YES;
				GCC_OPTIMIZATION_LEVEL = 0;
				GCC_PREPROCESSOR_DEFINITIONS = (
					"DEBUG=1",
					"$(inherited)",
				);
				GCC_WARN_64_TO_32_BIT_CONVERSION = YES;
				GCC_WARN_ABOUT_RETURN_TYPE = YES_ERROR;
				GCC_WARN_UNDECLARED_SELECTOR = YES;
				GCC_WARN_UNINITIALIZED_AUTOS = YES_AGGRESSIVE;
				GCC_WARN_UNUSED_FUNCTION = YES;
				GCC_WARN_UNUSED_VARIABLE = YES;
				IPHONEOS_DEPLOYMENT_TARGET = 16.0;
				MTL_ENABLE_DEBUG_INFO = INCLUDE_SOURCE;
				MTL_FAST_MATH = YES;
				ONLY_ACTIVE_ARCH = YES;
				SDKROOT = iphoneos;
				SWIFT_ACTIVE_COMPILATION_CONDITIONS = DEBUG;
				SWIFT_OPTIMIZATION_LEVEL = "-Onone";
			};
			name = Debug;
		};
		F847FE2828FDA6F800F2D94B /* Release */ = {
			isa = XCBuildConfiguration;
			buildSettings = {
				ALWAYS_SEARCH_USER_PATHS = NO;
				CLANG_ANALYZER_NONNULL = YES;
				CLANG_ANALYZER_NUMBER_OBJECT_CONVERSION = YES_AGGRESSIVE;
				CLANG_CXX_LANGUAGE_STANDARD = "gnu++20";
				CLANG_ENABLE_MODULES = YES;
				CLANG_ENABLE_OBJC_ARC = YES;
				CLANG_ENABLE_OBJC_WEAK = YES;
				CLANG_WARN_BLOCK_CAPTURE_AUTORELEASING = YES;
				CLANG_WARN_BOOL_CONVERSION = YES;
				CLANG_WARN_COMMA = YES;
				CLANG_WARN_CONSTANT_CONVERSION = YES;
				CLANG_WARN_DEPRECATED_OBJC_IMPLEMENTATIONS = YES;
				CLANG_WARN_DIRECT_OBJC_ISA_USAGE = YES_ERROR;
				CLANG_WARN_DOCUMENTATION_COMMENTS = YES;
				CLANG_WARN_EMPTY_BODY = YES;
				CLANG_WARN_ENUM_CONVERSION = YES;
				CLANG_WARN_INFINITE_RECURSION = YES;
				CLANG_WARN_INT_CONVERSION = YES;
				CLANG_WARN_NON_LITERAL_NULL_CONVERSION = YES;
				CLANG_WARN_OBJC_IMPLICIT_RETAIN_SELF = YES;
				CLANG_WARN_OBJC_LITERAL_CONVERSION = YES;
				CLANG_WARN_OBJC_ROOT_CLASS = YES_ERROR;
				CLANG_WARN_QUOTED_INCLUDE_IN_FRAMEWORK_HEADER = YES;
				CLANG_WARN_RANGE_LOOP_ANALYSIS = YES;
				CLANG_WARN_STRICT_PROTOTYPES = YES;
				CLANG_WARN_SUSPICIOUS_MOVE = YES;
				CLANG_WARN_UNGUARDED_AVAILABILITY = YES_AGGRESSIVE;
				CLANG_WARN_UNREACHABLE_CODE = YES;
				CLANG_WARN__DUPLICATE_METHOD_MATCH = YES;
				COPY_PHASE_STRIP = NO;
				DEBUG_INFORMATION_FORMAT = "dwarf-with-dsym";
				ENABLE_NS_ASSERTIONS = NO;
				ENABLE_STRICT_OBJC_MSGSEND = YES;
				GCC_C_LANGUAGE_STANDARD = gnu11;
				GCC_NO_COMMON_BLOCKS = YES;
				GCC_WARN_64_TO_32_BIT_CONVERSION = YES;
				GCC_WARN_ABOUT_RETURN_TYPE = YES_ERROR;
				GCC_WARN_UNDECLARED_SELECTOR = YES;
				GCC_WARN_UNINITIALIZED_AUTOS = YES_AGGRESSIVE;
				GCC_WARN_UNUSED_FUNCTION = YES;
				GCC_WARN_UNUSED_VARIABLE = YES;
				IPHONEOS_DEPLOYMENT_TARGET = 16.0;
				MTL_ENABLE_DEBUG_INFO = NO;
				MTL_FAST_MATH = YES;
				SDKROOT = iphoneos;
				SWIFT_COMPILATION_MODE = wholemodule;
				SWIFT_OPTIMIZATION_LEVEL = "-O";
				VALIDATE_PRODUCT = YES;
			};
			name = Release;
		};
		F847FE2A28FDA6F800F2D94B /* Debug */ = {
			isa = XCBuildConfiguration;
			buildSettings = {
				ASSETCATALOG_COMPILER_APPICON_NAME = AppIcon;
				ASSETCATALOG_COMPILER_GLOBAL_ACCENT_COLOR_NAME = AccentColor;
				CODE_SIGN_STYLE = Automatic;
				CURRENT_PROJECT_VERSION = 1;
				DEVELOPMENT_TEAM = 23LWN74XLQ;
				GENERATE_INFOPLIST_FILE = YES;
				INFOPLIST_FILE = Instagram/Info.plist;
				INFOPLIST_KEY_UIApplicationSupportsIndirectInputEvents = YES;
				INFOPLIST_KEY_UILaunchStoryboardName = LaunchScreen;
				INFOPLIST_KEY_UIMainStoryboardFile = Main;
				INFOPLIST_KEY_UISupportedInterfaceOrientations_iPad = "UIInterfaceOrientationPortrait UIInterfaceOrientationPortraitUpsideDown UIInterfaceOrientationLandscapeLeft UIInterfaceOrientationLandscapeRight";
				INFOPLIST_KEY_UISupportedInterfaceOrientations_iPhone = "UIInterfaceOrientationPortrait UIInterfaceOrientationLandscapeLeft UIInterfaceOrientationLandscapeRight";
				LD_RUNPATH_SEARCH_PATHS = (
					"$(inherited)",
					"@executable_path/Frameworks",
				);
				MARKETING_VERSION = 1.0;
				PRODUCT_BUNDLE_IDENTIFIER = aleksandr.dorofeev.Instagram;
				PRODUCT_NAME = "$(TARGET_NAME)";
				SWIFT_EMIT_LOC_STRINGS = YES;
				SWIFT_VERSION = 5.0;
				TARGETED_DEVICE_FAMILY = "1,2";
			};
			name = Debug;
		};
		F847FE2B28FDA6F800F2D94B /* Release */ = {
			isa = XCBuildConfiguration;
			buildSettings = {
				ASSETCATALOG_COMPILER_APPICON_NAME = AppIcon;
				ASSETCATALOG_COMPILER_GLOBAL_ACCENT_COLOR_NAME = AccentColor;
				CODE_SIGN_STYLE = Automatic;
				CURRENT_PROJECT_VERSION = 1;
				DEVELOPMENT_TEAM = 23LWN74XLQ;
				GENERATE_INFOPLIST_FILE = YES;
				INFOPLIST_FILE = Instagram/Info.plist;
				INFOPLIST_KEY_UIApplicationSupportsIndirectInputEvents = YES;
				INFOPLIST_KEY_UILaunchStoryboardName = LaunchScreen;
				INFOPLIST_KEY_UIMainStoryboardFile = Main;
				INFOPLIST_KEY_UISupportedInterfaceOrientations_iPad = "UIInterfaceOrientationPortrait UIInterfaceOrientationPortraitUpsideDown UIInterfaceOrientationLandscapeLeft UIInterfaceOrientationLandscapeRight";
				INFOPLIST_KEY_UISupportedInterfaceOrientations_iPhone = "UIInterfaceOrientationPortrait UIInterfaceOrientationLandscapeLeft UIInterfaceOrientationLandscapeRight";
				LD_RUNPATH_SEARCH_PATHS = (
					"$(inherited)",
					"@executable_path/Frameworks",
				);
				MARKETING_VERSION = 1.0;
				PRODUCT_BUNDLE_IDENTIFIER = aleksandr.dorofeev.Instagram;
				PRODUCT_NAME = "$(TARGET_NAME)";
				SWIFT_EMIT_LOC_STRINGS = YES;
				SWIFT_VERSION = 5.0;
				TARGETED_DEVICE_FAMILY = "1,2";
			};
			name = Release;
		};
/* End XCBuildConfiguration section */

/* Begin XCConfigurationList section */
		F847FE1028FDA6F400F2D94B /* Build configuration list for PBXProject "Instagram" */ = {
			isa = XCConfigurationList;
			buildConfigurations = (
				F847FE2728FDA6F800F2D94B /* Debug */,
				F847FE2828FDA6F800F2D94B /* Release */,
			);
			defaultConfigurationIsVisible = 0;
			defaultConfigurationName = Release;
		};
		F847FE2928FDA6F800F2D94B /* Build configuration list for PBXNativeTarget "Instagram" */ = {
			isa = XCConfigurationList;
			buildConfigurations = (
				F847FE2A28FDA6F800F2D94B /* Debug */,
				F847FE2B28FDA6F800F2D94B /* Release */,
			);
			defaultConfigurationIsVisible = 0;
			defaultConfigurationName = Release;
		};
/* End XCConfigurationList section */
	};
	rootObject = F847FE0D28FDA6F400F2D94B /* Project object */;
}
